
Microsoft Visual Studio Solution File, Format Version 12.00
# Visual Studio Version 17
VisualStudioVersion = 17.11.35312.102
MinimumVisualStudioVersion = 10.0.40219.1
Project("{FAE04EC0-301F-11D3-BF4B-00C04F79EFBC}") = "Submission of Applications_Осенников", "Submission of Applications_Осенников.csproj", "{B54D9928-A2A4-4C78-AD24-C0E27F67C9CB}"
EndProject
Global
	GlobalSection(SolutionConfigurationPlatforms) = preSolution
		Debug|Any CPU = Debug|Any CPU
		Release|Any CPU = Release|Any CPU
	EndGlobalSection
	GlobalSection(ProjectConfigurationPlatforms) = postSolution
		{B54D9928-A2A4-4C78-AD24-C0E27F67C9CB}.Debug|Any CPU.ActiveCfg = Debug|Any CPU
		{B54D9928-A2A4-4C78-AD24-C0E27F67C9CB}.Debug|Any CPU.Build.0 = Debug|Any CPU
		{B54D9928-A2A4-4C78-AD24-C0E27F67C9CB}.Release|Any CPU.ActiveCfg = Release|Any CPU
		{B54D9928-A2A4-4C78-AD24-C0E27F67C9CB}.Release|Any CPU.Build.0 = Release|Any CPU
	EndGlobalSection
	GlobalSection(SolutionProperties) = preSolution
		HideSolutionNode = FALSE
	EndGlobalSection
	GlobalSection(ExtensibilityGlobals) = postSolution
		SolutionGuid = {56147EB3-5DCB-4ADB-9D53-96EB2197D837}
	EndGlobalSection
EndGlobal
